
Microsoft Visual Studio Solution File, Format Version 12.00
# Visual Studio Version 17
VisualStudioVersion = 17.14.36623.8 d17.14
MinimumVisualStudioVersion = 10.0.40219.1
Project("{FAE04EC0-301F-11D3-BF4B-00C04F79EFBC}") = "WpfApp1", "WpfApp1\WpfApp1.csproj", "{5256D0FC-129F-4C6B-A0B7-3576EE6BF5DC}"
EndProject
Global
	GlobalSection(SolutionConfigurationPlatforms) = preSolution
		Debug|Any CPU = Debug|Any CPU
		Release|Any CPU = Release|Any CPU
	EndGlobalSection
	GlobalSection(ProjectConfigurationPlatforms) = postSolution
		{5256D0FC-129F-4C6B-A0B7-3576EE6BF5DC}.Debug|Any CPU.ActiveCfg = Debug|Any CPU
		{5256D0FC-129F-4C6B-A0B7-3576EE6BF5DC}.Debug|Any CPU.Build.0 = Debug|Any CPU
		{5256D0FC-129F-4C6B-A0B7-3576EE6BF5DC}.Release|Any CPU.ActiveCfg = Release|Any CPU
		{5256D0FC-129F-4C6B-A0B7-3576EE6BF5DC}.Release|Any CPU.Build.0 = Release|Any CPU
	EndGlobalSection
	GlobalSection(SolutionProperties) = preSolution
		HideSolutionNode = FALSE
	EndGlobalSection
	GlobalSection(ExtensibilityGlobals) = postSolution
		SolutionGuid = {385CEF8F-DCC4-4127-B954-A50257376E12}
	EndGlobalSection
EndGlobal
